
Microsoft Visual Studio Solution File, Format Version 12.00
# Visual Studio Version 17
VisualStudioVersion = 17.2.32505.173
MinimumVisualStudioVersion = 10.0.40219.1
Project("{FAE04EC0-301F-11D3-BF4B-00C04F79EFBC}") = "Activity-1", "Activity-1\Activity-1.csproj", "{F8EFBBC7-659A-48B9-B101-B5E5842DE5A0}"
EndProject
Global
	GlobalSection(SolutionConfigurationPlatforms) = preSolution
		Debug|Any CPU = Debug|Any CPU
		Release|Any CPU = Release|Any CPU
	EndGlobalSection
	GlobalSection(ProjectConfigurationPlatforms) = postSolution
		{F8EFBBC7-659A-48B9-B101-B5E5842DE5A0}.Debug|Any CPU.ActiveCfg = Debug|Any CPU
		{F8EFBBC7-659A-48B9-B101-B5E5842DE5A0}.Debug|Any CPU.Build.0 = Debug|Any CPU
		{F8EFBBC7-659A-48B9-B101-B5E5842DE5A0}.Release|Any CPU.ActiveCfg = Release|Any CPU
		{F8EFBBC7-659A-48B9-B101-B5E5842DE5A0}.Release|Any CPU.Build.0 = Release|Any CPU
	EndGlobalSection
	GlobalSection(SolutionProperties) = preSolution
		HideSolutionNode = FALSE
	EndGlobalSection
	GlobalSection(ExtensibilityGlobals) = postSolution
		SolutionGuid = {F3F10D1F-BF2A-4562-984D-F102791C91A5}
	EndGlobalSection
EndGlobal
